{
    "_readme": [
        "This file locks the dependencies of your project to a known state",
        "Read more about it at https://getcomposer.org/doc/01-basic-usage.md#composer-lock-the-lock-file",
        "This file is @generated automatically"
    ],
    "hash": "493d122016eed5c5262d2b8f269b50b5",
    "content-hash": "b45e3f536e6ef340b510bc2b511a4d02",
    "packages": [
        {
            "name": "armetiz/airtable-php",
            "version": "0.3.1",
            "source": {
                "type": "git",
                "url": "https://github.com/armetiz/airtable-php.git",
                "reference": "fd4a057165eea53e53f9c8a8ecc0e81264bd0323"
            },
            "dist": {
                "type": "zip",
                "url": "https://api.github.com/repos/armetiz/airtable-php/zipball/fd4a057165eea53e53f9c8a8ecc0e81264bd0323",
                "reference": "fd4a057165eea53e53f9c8a8ecc0e81264bd0323",
                "shasum": ""
            },
            "require": {
                "beberlei/assert": "~2.1",
                "kriswallsmith/buzz": "^0.15.0",
                "php": ">=5.5.0"
            },
            "type": "library",
            "autoload": {
                "psr-4": {
                    "Armetiz\\AirtableSDK\\": "src/"
                }
            },
            "notification-url": "https://packagist.org/downloads/",
            "license": [
                "MIT"
            ],
            "authors": [
                {
                    "name": "Thomas Tourlourat",
                    "email": "thomas@tourlourat.com",
                    "homepage": "http://www.wozbe.com"
                }
            ],
            "description": "Manipulate Airtable API using PHP",
            "homepage": "https://github.com/armetiz/airtable-php",
            "keywords": [
                "airtable",
                "php",
                "sdk"
            ],
            "time": "2016-07-25 09:49:38"
        },
        {
            "name": "beberlei/assert",
            "version": "v2.7.5",
            "source": {
                "type": "git",
                "url": "https://github.com/beberlei/assert.git",
                "reference": "2f688ee39ea9ce9e2c2164c9db62df3246b8fbff"
            },
            "dist": {
                "type": "zip",
                "url": "https://api.github.com/repos/beberlei/assert/zipball/2f688ee39ea9ce9e2c2164c9db62df3246b8fbff",
                "reference": "2f688ee39ea9ce9e2c2164c9db62df3246b8fbff",
                "shasum": ""
            },
            "require": {
                "ext-mbstring": "*",
                "php": ">=5.3"
            },
            "require-dev": {
                "friendsofphp/php-cs-fixer": "^2.1.1",
                "phpunit/phpunit": "^4|^5"
            },
            "type": "library",
            "autoload": {
                "psr-4": {
                    "Assert\\": "lib/Assert"
                },
                "files": [
                    "lib/Assert/functions.php"
                ]
            },
            "notification-url": "https://packagist.org/downloads/",
            "license": [
                "BSD-2-Clause"
            ],
            "authors": [
                {
                    "name": "Benjamin Eberlei",
                    "email": "kontakt@beberlei.de",
                    "role": "Lead Developer"
                },
                {
                    "name": "Richard Quadling",
                    "email": "rquadling@gmail.com",
                    "role": "Collaborator"
                }
            ],
            "description": "Thin assertion library for input validation in business models.",
            "keywords": [
                "assert",
                "assertion",
                "validation"
            ],
            "time": "2017-04-26 09:32:13"
        },
        {
            "name": "composer/installers",
            "version": "v1.3.0",
            "source": {
                "type": "git",
                "url": "https://github.com/composer/installers.git",
                "reference": "79ad876c7498c0bbfe7eed065b8651c93bfd6045"
            },
            "dist": {
                "type": "zip",
                "url": "https://api.github.com/repos/composer/installers/zipball/79ad876c7498c0bbfe7eed065b8651c93bfd6045",
                "reference": "79ad876c7498c0bbfe7eed065b8651c93bfd6045",
                "shasum": ""
            },
            "require": {
                "composer-plugin-api": "^1.0"
            },
            "replace": {
                "roundcube/plugin-installer": "*",
                "shama/baton": "*"
            },
            "require-dev": {
                "composer/composer": "1.0.*@dev",
                "phpunit/phpunit": "4.1.*"
            },
            "type": "composer-plugin",
            "extra": {
                "class": "Composer\\Installers\\Plugin",
                "branch-alias": {
                    "dev-master": "1.0-dev"
                }
            },
            "autoload": {
                "psr-4": {
                    "Composer\\Installers\\": "src/Composer/Installers"
                }
            },
            "notification-url": "https://packagist.org/downloads/",
            "license": [
                "MIT"
            ],
            "authors": [
                {
                    "name": "Kyle Robinson Young",
                    "email": "kyle@dontkry.com",
                    "homepage": "https://github.com/shama"
                }
            ],
            "description": "A multi-framework Composer library installer",
            "homepage": "https://composer.github.io/installers/",
            "keywords": [
                "Craft",
                "Dolibarr",
                "Eliasis",
                "Hurad",
                "ImageCMS",
                "Kanboard",
                "MODX Evo",
                "Mautic",
                "Maya",
                "OXID",
                "Plentymarkets",
                "Porto",
                "RadPHP",
                "SMF",
                "Thelia",
                "WolfCMS",
                "agl",
                "aimeos",
                "annotatecms",
                "attogram",
                "bitrix",
                "cakephp",
                "chef",
                "cockpit",
                "codeigniter",
                "concrete5",
                "croogo",
                "dokuwiki",
                "drupal",
                "elgg",
                "expressionengine",
                "fuelphp",
                "grav",
                "installer",
                "itop",
                "joomla",
                "kohana",
                "laravel",
                "lavalite",
                "lithium",
                "magento",
                "mako",
                "mediawiki",
                "modulework",
                "moodle",
                "phpbb",
                "piwik",
                "ppi",
                "puppet",
                "reindex",
                "roundcube",
                "shopware",
                "silverstripe",
                "sydes",
                "symfony",
                "typo3",
                "wordpress",
                "yawik",
                "zend",
                "zikula"
            ],
            "time": "2017-04-24 06:37:16"
        },
        {
            "name": "kriswallsmith/buzz",
            "version": "v0.15",
            "source": {
                "type": "git",
                "url": "https://github.com/kriswallsmith/Buzz.git",
                "reference": "d4041666c3ffb379af02a92dabe81c904b35fab8"
            },
            "dist": {
                "type": "zip",
                "url": "https://api.github.com/repos/kriswallsmith/Buzz/zipball/d4041666c3ffb379af02a92dabe81c904b35fab8",
                "reference": "d4041666c3ffb379af02a92dabe81c904b35fab8",
                "shasum": ""
            },
            "require": {
                "php": ">=5.3.0"
            },
            "require-dev": {
                "phpunit/phpunit": "3.7.*"
            },
            "suggest": {
                "ext-curl": "*"
            },
            "type": "library",
            "autoload": {
                "psr-0": {
                    "Buzz": "lib/"
                }
            },
            "notification-url": "https://packagist.org/downloads/",
            "license": [
                "MIT"
            ],
            "authors": [
                {
                    "name": "Kris Wallsmith",
                    "email": "kris.wallsmith@gmail.com",
                    "homepage": "http://kriswallsmith.net/"
                }
            ],
            "description": "Lightweight HTTP client",
            "homepage": "https://github.com/kriswallsmith/Buzz",
            "keywords": [
                "curl",
                "http client"
            ],
            "time": "2015-06-25 17:26:56"
        }
    ],
    "packages-dev": [],
    "aliases": [],
    "minimum-stability": "stable",
    "stability-flags": [],
    "prefer-stable": false,
    "prefer-lowest": false,
    "platform": [],
    "platform-dev": []
}
